// !$*UTF8*$!
{
	archiveVersion = 1;
	classes = {
	};
	objectVersion = 56;
	objects = {

/* Begin PBXBuildFile section */
		07784D772A6647970062FFF9 /* ContentView.swift in Sources */ = {isa = PBXBuildFile; fileRef = 07784D762A6647970062FFF9 /* ContentView.swift */; };
		07784D792A6647980062FFF9 /* Assets.xcassets in Resources */ = {isa = PBXBuildFile; fileRef = 07784D782A6647980062FFF9 /* Assets.xcassets */; };
		07784D7C2A6647980062FFF9 /* Preview Assets.xcassets in Resources */ = {isa = PBXBuildFile; fileRef = 07784D7B2A6647980062FFF9 /* Preview Assets.xcassets */; };
		07784D862A6647980062FFF9 /* CodingBatTests.swift in Sources */ = {isa = PBXBuildFile; fileRef = 07784D852A6647980062FFF9 /* CodingBatTests.swift */; };
		07784D922A6647990062FFF9 /* CodingBatTestsUITestsLaunchTests.swift in Sources */ = {isa = PBXBuildFile; fileRef = 07784D912A6647990062FFF9 /* CodingBatTestsUITestsLaunchTests.swift */; };
		07784DA02A664BD20062FFF9 /* CodingBatTestsUITests.swift in Sources */ = {isa = PBXBuildFile; fileRef = 07784D8F2A6647990062FFF9 /* CodingBatTestsUITests.swift */; };
		07784DA22A6650C40062FFF9 /* WarmupOneManagerTests.swift in Sources */ = {isa = PBXBuildFile; fileRef = 07784DA12A6650C40062FFF9 /* WarmupOneManagerTests.swift */; };
		07784DA42A736A590062FFF9 /* CodingBatPython.swift in Sources */ = {isa = PBXBuildFile; fileRef = 07784DA32A736A590062FFF9 /* CodingBatPython.swift */; };
		07784DA52A736A590062FFF9 /* CodingBatPython.swift in Sources */ = {isa = PBXBuildFile; fileRef = 07784DA32A736A590062FFF9 /* CodingBatPython.swift */; };
		07784DA92A737BCA0062FFF9 /* CodingBatApp.swift in Sources */ = {isa = PBXBuildFile; fileRef = 07784DA82A737BCA0062FFF9 /* CodingBatApp.swift */; };
/* End PBXBuildFile section */

/* Begin PBXContainerItemProxy section */
		07784D822A6647980062FFF9 /* PBXContainerItemProxy */ = {
			isa = PBXContainerItemProxy;
			containerPortal = 07784D692A6647970062FFF9 /* Project object */;
			proxyType = 1;
			remoteGlobalIDString = 07784D702A6647970062FFF9;
			remoteInfo = CodingBatTests;
		};
		07784D8C2A6647990062FFF9 /* PBXContainerItemProxy */ = {
			isa = PBXContainerItemProxy;
			containerPortal = 07784D692A6647970062FFF9 /* Project object */;
			proxyType = 1;
			remoteGlobalIDString = 07784D702A6647970062FFF9;
			remoteInfo = CodingBatTests;
		};
/* End PBXContainerItemProxy section */

/* Begin PBXFileReference section */
		07784D712A6647970062FFF9 /* CodingBat.app */ = {isa = PBXFileReference; explicitFileType = wrapper.application; includeInIndex = 0; path = CodingBat.app; sourceTree = BUILT_PRODUCTS_DIR; };
		07784D762A6647970062FFF9 /* ContentView.swift */ = {isa = PBXFileReference; lastKnownFileType = sourcecode.swift; path = ContentView.swift; sourceTree = "<group>"; };
		07784D782A6647980062FFF9 /* Assets.xcassets */ = {isa = PBXFileReference; lastKnownFileType = folder.assetcatalog; path = Assets.xcassets; sourceTree = "<group>"; };
		07784D7B2A6647980062FFF9 /* Preview Assets.xcassets */ = {isa = PBXFileReference; lastKnownFileType = folder.assetcatalog; path = "Preview Assets.xcassets"; sourceTree = "<group>"; };
		07784D812A6647980062FFF9 /* CodingBatTests.xctest */ = {isa = PBXFileReference; explicitFileType = wrapper.cfbundle; includeInIndex = 0; path = CodingBatTests.xctest; sourceTree = BUILT_PRODUCTS_DIR; };
		07784D852A6647980062FFF9 /* CodingBatTests.swift */ = {isa = PBXFileReference; lastKnownFileType = sourcecode.swift; path = CodingBatTests.swift; sourceTree = "<group>"; };
		07784D8B2A6647990062FFF9 /* CodingBatUITests.xctest */ = {isa = PBXFileReference; explicitFileType = wrapper.cfbundle; includeInIndex = 0; path = CodingBatUITests.xctest; sourceTree = BUILT_PRODUCTS_DIR; };
		07784D8F2A6647990062FFF9 /* CodingBatTestsUITests.swift */ = {isa = PBXFileReference; lastKnownFileType = sourcecode.swift; path = CodingBatTestsUITests.swift; sourceTree = "<group>"; };
		07784D912A6647990062FFF9 /* CodingBatTestsUITestsLaunchTests.swift */ = {isa = PBXFileReference; lastKnownFileType = sourcecode.swift; path = CodingBatTestsUITestsLaunchTests.swift; sourceTree = "<group>"; };
		07784DA12A6650C40062FFF9 /* WarmupOneManagerTests.swift */ = {isa = PBXFileReference; lastKnownFileType = sourcecode.swift; path = WarmupOneManagerTests.swift; sourceTree = "<group>"; };
		07784DA32A736A590062FFF9 /* CodingBatPython.swift */ = {isa = PBXFileReference; lastKnownFileType = sourcecode.swift; path = CodingBatPython.swift; sourceTree = "<group>"; };
		07784DA82A737BCA0062FFF9 /* CodingBatApp.swift */ = {isa = PBXFileReference; lastKnownFileType = sourcecode.swift; path = CodingBatApp.swift; sourceTree = "<group>"; };
/* End PBXFileReference section */

/* Begin PBXFrameworksBuildPhase section */
		07784D6E2A6647970062FFF9 /* Frameworks */ = {
			isa = PBXFrameworksBuildPhase;
			buildActionMask = 2147483647;
			files = (
			);
			runOnlyForDeploymentPostprocessing = 0;
		};
		07784D7E2A6647980062FFF9 /* Frameworks */ = {
			isa = PBXFrameworksBuildPhase;
			buildActionMask = 2147483647;
			files = (
			);
			runOnlyForDeploymentPostprocessing = 0;
		};
		07784D882A6647990062FFF9 /* Frameworks */ = {
			isa = PBXFrameworksBuildPhase;
			buildActionMask = 2147483647;
			files = (
			);
			runOnlyForDeploymentPostprocessing = 0;
		};
/* End PBXFrameworksBuildPhase section */

/* Begin PBXGroup section */
		07784D682A6647970062FFF9 = {
			isa = PBXGroup;
			children = (
				07784D732A6647970062FFF9 /* CodingBat */,
				07784D842A6647980062FFF9 /* CodingBatTests */,
				07784D8E2A6647990062FFF9 /* CodingBatUITests */,
				07784D722A6647970062FFF9 /* Products */,
			);
			sourceTree = "<group>";
		};
		07784D722A6647970062FFF9 /* Products */ = {
			isa = PBXGroup;
			children = (
				07784D712A6647970062FFF9 /* CodingBat.app */,
				07784D812A6647980062FFF9 /* CodingBatTests.xctest */,
				07784D8B2A6647990062FFF9 /* CodingBatUITests.xctest */,
			);
			name = Products;
			sourceTree = "<group>";
		};
		07784D732A6647970062FFF9 /* CodingBat */ = {
			isa = PBXGroup;
			children = (
				07784D762A6647970062FFF9 /* ContentView.swift */,
				07784DA82A737BCA0062FFF9 /* CodingBatApp.swift */,
				07784DA32A736A590062FFF9 /* CodingBatPython.swift */,
				07784D782A6647980062FFF9 /* Assets.xcassets */,
				07784D7A2A6647980062FFF9 /* Preview Content */,
			);
			path = CodingBat;
			sourceTree = "<group>";
		};
		07784D7A2A6647980062FFF9 /* Preview Content */ = {
			isa = PBXGroup;
			children = (
				07784D7B2A6647980062FFF9 /* Preview Assets.xcassets */,
			);
			path = "Preview Content";
			sourceTree = "<group>";
		};
		07784D842A6647980062FFF9 /* CodingBatTests */ = {
			isa = PBXGroup;
			children = (
				07784DA12A6650C40062FFF9 /* WarmupOneManagerTests.swift */,
				07784D852A6647980062FFF9 /* CodingBatTests.swift */,
			);
			path = CodingBatTests;
			sourceTree = "<group>";
		};
		07784D8E2A6647990062FFF9 /* CodingBatUITests */ = {
			isa = PBXGroup;
			children = (
				07784D8F2A6647990062FFF9 /* CodingBatTestsUITests.swift */,
				07784D912A6647990062FFF9 /* CodingBatTestsUITestsLaunchTests.swift */,
			);
			path = CodingBatUITests;
			sourceTree = "<group>";
		};
/* End PBXGroup section */

/* Begin PBXNativeTarget section */
		07784D702A6647970062FFF9 /* CodingBat */ = {
			isa = PBXNativeTarget;
			buildConfigurationList = 07784D952A6647990062FFF9 /* Build configuration list for PBXNativeTarget "CodingBat" */;
			buildPhases = (
				07784D6D2A6647970062FFF9 /* Sources */,
				07784D6E2A6647970062FFF9 /* Frameworks */,
				07784D6F2A6647970062FFF9 /* Resources */,
			);
			buildRules = (
			);
			dependencies = (
			);
			name = CodingBat;
			productName = CodingBatTests;
			productReference = 07784D712A6647970062FFF9 /* CodingBat.app */;
			productType = "com.apple.product-type.application";
		};
		07784D802A6647980062FFF9 /* CodingBatTests */ = {
			isa = PBXNativeTarget;
			buildConfigurationList = 07784D982A6647990062FFF9 /* Build configuration list for PBXNativeTarget "CodingBatTests" */;
			buildPhases = (
				07784D7D2A6647980062FFF9 /* Sources */,
				07784D7E2A6647980062FFF9 /* Frameworks */,
				07784D7F2A6647980062FFF9 /* Resources */,
			);
			buildRules = (
			);
			dependencies = (
				07784D832A6647980062FFF9 /* PBXTargetDependency */,
			);
			name = CodingBatTests;
			productName = CodingBatTestsTests;
			productReference = 07784D812A6647980062FFF9 /* CodingBatTests.xctest */;
			productType = "com.apple.product-type.bundle.unit-test";
		};
		07784D8A2A6647990062FFF9 /* CodingBatUITests */ = {
			isa = PBXNativeTarget;
			buildConfigurationList = 07784D9B2A6647990062FFF9 /* Build configuration list for PBXNativeTarget "CodingBatUITests" */;
			buildPhases = (
				07784D872A6647990062FFF9 /* Sources */,
				07784D882A6647990062FFF9 /* Frameworks */,
				07784D892A6647990062FFF9 /* Resources */,
			);
			buildRules = (
			);
			dependencies = (
				07784D8D2A6647990062FFF9 /* PBXTargetDependency */,
			);
			name = CodingBatUITests;
			productName = CodingBatTestsUITests;
			productReference = 07784D8B2A6647990062FFF9 /* CodingBatUITests.xctest */;
			productType = "com.apple.product-type.bundle.ui-testing";
		};
/* End PBXNativeTarget section */

/* Begin PBXProject section */
		07784D692A6647970062FFF9 /* Project object */ = {
			isa = PBXProject;
			attributes = {
				BuildIndependentTargetsInParallel = 1;
				LastSwiftUpdateCheck = 1410;
				LastUpgradeCheck = 1410;
				TargetAttributes = {
					07784D702A6647970062FFF9 = {
						CreatedOnToolsVersion = 14.1;
					};
					07784D802A6647980062FFF9 = {
						CreatedOnToolsVersion = 14.1;
						TestTargetID = 07784D702A6647970062FFF9;
					};
					07784D8A2A6647990062FFF9 = {
						CreatedOnToolsVersion = 14.1;
						TestTargetID = 07784D702A6647970062FFF9;
					};
				};
			};
			buildConfigurationList = 07784D6C2A6647970062FFF9 /* Build configuration list for PBXProject "CodingBat" */;
			compatibilityVersion = "Xcode 14.0";
			developmentRegion = en;
			hasScannedForEncodings = 0;
			knownRegions = (
				en,
				Base,
			);
			mainGroup = 07784D682A6647970062FFF9;
			productRefGroup = 07784D722A6647970062FFF9 /* Products */;
			projectDirPath = "";
			projectRoot = "";
			targets = (
				07784D702A6647970062FFF9 /* CodingBat */,
				07784D802A6647980062FFF9 /* CodingBatTests */,
				07784D8A2A6647990062FFF9 /* CodingBatUITests */,
			);
		};
/* End PBXProject section */

/* Begin PBXResourcesBuildPhase section */
		07784D6F2A6647970062FFF9 /* Resources */ = {
			isa = PBXResourcesBuildPhase;
			buildActionMask = 2147483647;
			files = (
				07784D7C2A6647980062FFF9 /* Preview Assets.xcassets in Resources */,
				07784D792A6647980062FFF9 /* Assets.xcassets in Resources */,
			);
			runOnlyForDeploymentPostprocessing = 0;
		};
		07784D7F2A6647980062FFF9 /* Resources */ = {
			isa = PBXResourcesBuildPhase;
			buildActionMask = 2147483647;
			files = (
			);
			runOnlyForDeploymentPostprocessing = 0;
		};
		07784D892A6647990062FFF9 /* Resources */ = {
			isa = PBXResourcesBuildPhase;
			buildActionMask = 2147483647;
			files = (
			);
			runOnlyForDeploymentPostprocessing = 0;
		};
/* End PBXResourcesBuildPhase section */

/* Begin PBXSourcesBuildPhase section */
		07784D6D2A6647970062FFF9 /* Sources */ = {
			isa = PBXSourcesBuildPhase;
			buildActionMask = 2147483647;
			files = (
				07784D772A6647970062FFF9 /* ContentView.swift in Sources */,
				07784DA42A736A590062FFF9 /* CodingBatPython.swift in Sources */,
				07784DA92A737BCA0062FFF9 /* CodingBatApp.swift in Sources */,
			);
			runOnlyForDeploymentPostprocessing = 0;
		};
		07784D7D2A6647980062FFF9 /* Sources */ = {
			isa = PBXSourcesBuildPhase;
			buildActionMask = 2147483647;
			files = (
				07784D862A6647980062FFF9 /* CodingBatTests.swift in Sources */,
				07784DA52A736A590062FFF9 /* CodingBatPython.swift in Sources */,
				07784DA22A6650C40062FFF9 /* WarmupOneManagerTests.swift in Sources */,
			);
			runOnlyForDeploymentPostprocessing = 0;
		};
		07784D872A6647990062FFF9 /* Sources */ = {
			isa = PBXSourcesBuildPhase;
			buildActionMask = 2147483647;
			files = (
				07784D922A6647990062FFF9 /* CodingBatTestsUITestsLaunchTests.swift in Sources */,
				07784DA02A664BD20062FFF9 /* CodingBatTestsUITests.swift in Sources */,
			);
			runOnlyForDeploymentPostprocessing = 0;
		};
/* End PBXSourcesBuildPhase section */

/* Begin PBXTargetDependency section */
		07784D832A6647980062FFF9 /* PBXTargetDependency */ = {
			isa = PBXTargetDependency;
			target = 07784D702A6647970062FFF9 /* CodingBat */;
			targetProxy = 07784D822A6647980062FFF9 /* PBXContainerItemProxy */;
		};
		07784D8D2A6647990062FFF9 /* PBXTargetDependency */ = {
			isa = PBXTargetDependency;
			target = 07784D702A6647970062FFF9 /* CodingBat */;
			targetProxy = 07784D8C2A6647990062FFF9 /* PBXContainerItemProxy */;
		};
/* End PBXTargetDependency section */

/* Begin XCBuildConfiguration section */
		07784D932A6647990062FFF9 /* Debug */ = {
			isa = XCBuildConfiguration;
			buildSettings = {
				ALWAYS_SEARCH_USER_PATHS = NO;
				CLANG_ANALYZER_NONNULL = YES;
				CLANG_ANALYZER_NUMBER_OBJECT_CONVERSION = YES_AGGRESSIVE;
				CLANG_CXX_LANGUAGE_STANDARD = "gnu++20";
				CLANG_ENABLE_MODULES = YES;
				CLANG_ENABLE_OBJC_ARC = YES;
				CLANG_ENABLE_OBJC_WEAK = YES;
				CLANG_WARN_BLOCK_CAPTURE_AUTORELEASING = YES;
				CLANG_WARN_BOOL_CONVERSION = YES;
				CLANG_WARN_COMMA = YES;
				CLANG_WARN_CONSTANT_CONVERSION = YES;
				CLANG_WARN_DEPRECATED_OBJC_IMPLEMENTATIONS = YES;
				CLANG_WARN_DIRECT_OBJC_ISA_USAGE = YES_ERROR;
				CLANG_WARN_DOCUMENTATION_COMMENTS = YES;
				CLANG_WARN_EMPTY_BODY = YES;
				CLANG_WARN_ENUM_CONVERSION = YES;
				CLANG_WARN_INFINITE_RECURSION = YES;
				CLANG_WARN_INT_CONVERSION = YES;
				CLANG_WARN_NON_LITERAL_NULL_CONVERSION = YES;
				CLANG_WARN_OBJC_IMPLICIT_RETAIN_SELF = YES;
				CLANG_WARN_OBJC_LITERAL_CONVERSION = YES;
				CLANG_WARN_OBJC_ROOT_CLASS = YES_ERROR;
				CLANG_WARN_QUOTED_INCLUDE_IN_FRAMEWORK_HEADER = YES;
				CLANG_WARN_RANGE_LOOP_ANALYSIS = YES;
				CLANG_WARN_STRICT_PROTOTYPES = YES;
				CLANG_WARN_SUSPICIOUS_MOVE = YES;
				CLANG_WARN_UNGUARDED_AVAILABILITY = YES_AGGRESSIVE;
				CLANG_WARN_UNREACHABLE_CODE = YES;
				CLANG_WARN__DUPLICATE_METHOD_MATCH = YES;
				COPY_PHASE_STRIP = NO;
				DEBUG_INFORMATION_FORMAT = dwarf;
				ENABLE_STRICT_OBJC_MSGSEND = YES;
				ENABLE_TESTABILITY = YES;
				EXCLUDED_ARCHS = "";
				"EXCLUDED_ARCHS[sdk=iphonesimulator*]" = arm64;
				EXCLUDED_SOURCE_FILE_NAMES = "";
				GCC_C_LANGUAGE_STANDARD = gnu11;
				GCC_DYNAMIC_NO_PIC = NO;
				GCC_NO_COMMON_BLOCKS = YES;
				GCC_OPTIMIZATION_LEVEL = 0;
				GCC_PREPROCESSOR_DEFINITIONS = (
					"DEBUG=1",
					"$(inherited)",
				);
				GCC_WARN_64_TO_32_BIT_CONVERSION = YES;
				GCC_WARN_ABOUT_RETURN_TYPE = YES_ERROR;
				GCC_WARN_UNDECLARED_SELECTOR = YES;
				GCC_WARN_UNINITIALIZED_AUTOS = YES_AGGRESSIVE;
				GCC_WARN_UNUSED_FUNCTION = YES;
				GCC_WARN_UNUSED_VARIABLE = YES;
				INCLUDED_SOURCE_FILE_NAMES = "";
				IPHONEOS_DEPLOYMENT_TARGET = 16.1;
				MTL_ENABLE_DEBUG_INFO = INCLUDE_SOURCE;
				MTL_FAST_MATH = YES;
				ONLY_ACTIVE_ARCH = YES;
				SDKROOT = iphoneos;
				SWIFT_ACTIVE_COMPILATION_CONDITIONS = DEBUG;
				SWIFT_OPTIMIZATION_LEVEL = "-Onone";
			};
			name = Debug;
		};
		07784D942A6647990062FFF9 /* Release */ = {
			isa = XCBuildConfiguration;
			buildSettings = {
				ALWAYS_SEARCH_USER_PATHS = NO;
				CLANG_ANALYZER_NONNULL = YES;
				CLANG_ANALYZER_NUMBER_OBJECT_CONVERSION = YES_AGGRESSIVE;
				CLANG_CXX_LANGUAGE_STANDARD = "gnu++20";
				CLANG_ENABLE_MODULES = YES;
				CLANG_ENABLE_OBJC_ARC = YES;
				CLANG_ENABLE_OBJC_WEAK = YES;
				CLANG_WARN_BLOCK_CAPTURE_AUTORELEASING = YES;
				CLANG_WARN_BOOL_CONVERSION = YES;
				CLANG_WARN_COMMA = YES;
				CLANG_WARN_CONSTANT_CONVERSION = YES;
				CLANG_WARN_DEPRECATED_OBJC_IMPLEMENTATIONS = YES;
				CLANG_WARN_DIRECT_OBJC_ISA_USAGE = YES_ERROR;
				CLANG_WARN_DOCUMENTATION_COMMENTS = YES;
				CLANG_WARN_EMPTY_BODY = YES;
				CLANG_WARN_ENUM_CONVERSION = YES;
				CLANG_WARN_INFINITE_RECURSION = YES;
				CLANG_WARN_INT_CONVERSION = YES;
				CLANG_WARN_NON_LITERAL_NULL_CONVERSION = YES;
				CLANG_WARN_OBJC_IMPLICIT_RETAIN_SELF = YES;
				CLANG_WARN_OBJC_LITERAL_CONVERSION = YES;
				CLANG_WARN_OBJC_ROOT_CLASS = YES_ERROR;
				CLANG_WARN_QUOTED_INCLUDE_IN_FRAMEWORK_HEADER = YES;
				CLANG_WARN_RANGE_LOOP_ANALYSIS = YES;
				CLANG_WARN_STRICT_PROTOTYPES = YES;
				CLANG_WARN_SUSPICIOUS_MOVE = YES;
				CLANG_WARN_UNGUARDED_AVAILABILITY = YES_AGGRESSIVE;
				CLANG_WARN_UNREACHABLE_CODE = YES;
				CLANG_WARN__DUPLICATE_METHOD_MATCH = YES;
				COPY_PHASE_STRIP = NO;
				DEBUG_INFORMATION_FORMAT = "dwarf-with-dsym";
				ENABLE_NS_ASSERTIONS = NO;
				ENABLE_STRICT_OBJC_MSGSEND = YES;
				EXCLUDED_ARCHS = "";
				EXCLUDED_SOURCE_FILE_NAMES = "";
				GCC_C_LANGUAGE_STANDARD = gnu11;
				GCC_NO_COMMON_BLOCKS = YES;
				GCC_WARN_64_TO_32_BIT_CONVERSION = YES;
				GCC_WARN_ABOUT_RETURN_TYPE = YES_ERROR;
				GCC_WARN_UNDECLARED_SELECTOR = YES;
				GCC_WARN_UNINITIALIZED_AUTOS = YES_AGGRESSIVE;
				GCC_WARN_UNUSED_FUNCTION = YES;
				GCC_WARN_UNUSED_VARIABLE = YES;
				INCLUDED_SOURCE_FILE_NAMES = "";
				IPHONEOS_DEPLOYMENT_TARGET = 16.1;
				MTL_ENABLE_DEBUG_INFO = NO;
				MTL_FAST_MATH = YES;
				SDKROOT = iphoneos;
				SWIFT_COMPILATION_MODE = wholemodule;
				SWIFT_OPTIMIZATION_LEVEL = "-O";
				VALIDATE_PRODUCT = YES;
			};
			name = Release;
		};
		07784D962A6647990062FFF9 /* Debug */ = {
			isa = XCBuildConfiguration;
			buildSettings = {
				ASSETCATALOG_COMPILER_APPICON_NAME = AppIcon;
				ASSETCATALOG_COMPILER_GLOBAL_ACCENT_COLOR_NAME = AccentColor;
				CODE_SIGN_STYLE = Automatic;
				CURRENT_PROJECT_VERSION = 1;
				DEVELOPMENT_ASSET_PATHS = "\"CodingBat/Preview Content\"";
				DEVELOPMENT_TEAM = 428AJVGF4S;
				ENABLE_PREVIEWS = YES;
				GENERATE_INFOPLIST_FILE = YES;
				INFOPLIST_KEY_UIApplicationSceneManifest_Generation = YES;
				INFOPLIST_KEY_UIApplicationSupportsIndirectInputEvents = YES;
				INFOPLIST_KEY_UILaunchScreen_Generation = YES;
				INFOPLIST_KEY_UISupportedInterfaceOrientations_iPad = "UIInterfaceOrientationPortrait UIInterfaceOrientationPortraitUpsideDown UIInterfaceOrientationLandscapeLeft UIInterfaceOrientationLandscapeRight";
				INFOPLIST_KEY_UISupportedInterfaceOrientations_iPhone = "UIInterfaceOrientationPortrait UIInterfaceOrientationLandscapeLeft UIInterfaceOrientationLandscapeRight";
				LD_RUNPATH_SEARCH_PATHS = (
					"$(inherited)",
					"@executable_path/Frameworks",
				);
				MARKETING_VERSION = 1.0;
				PRODUCT_BUNDLE_IDENTIFIER = com.qgrapps.CodingBatTests;
				PRODUCT_NAME = "$(TARGET_NAME)";
				SWIFT_EMIT_LOC_STRINGS = YES;
				SWIFT_VERSION = 5.0;
				TARGETED_DEVICE_FAMILY = "1,2";
			};
			name = Debug;
		};
		07784D972A6647990062FFF9 /* Release */ = {
			isa = XCBuildConfiguration;
			buildSettings = {
				ASSETCATALOG_COMPILER_APPICON_NAME = AppIcon;
				ASSETCATALOG_COMPILER_GLOBAL_ACCENT_COLOR_NAME = AccentColor;
				CODE_SIGN_STYLE = Automatic;
				CURRENT_PROJECT_VERSION = 1;
				DEVELOPMENT_ASSET_PATHS = "\"CodingBat/Preview Content\"";
				DEVELOPMENT_TEAM = 428AJVGF4S;
				ENABLE_PREVIEWS = YES;
				GENERATE_INFOPLIST_FILE = YES;
				INFOPLIST_KEY_UIApplicationSceneManifest_Generation = YES;
				INFOPLIST_KEY_UIApplicationSupportsIndirectInputEvents = YES;
				INFOPLIST_KEY_UILaunchScreen_Generation = YES;
				INFOPLIST_KEY_UISupportedInterfaceOrientations_iPad = "UIInterfaceOrientationPortrait UIInterfaceOrientationPortraitUpsideDown UIInterfaceOrientationLandscapeLeft UIInterfaceOrientationLandscapeRight";
				INFOPLIST_KEY_UISupportedInterfaceOrientations_iPhone = "UIInterfaceOrientationPortrait UIInterfaceOrientationLandscapeLeft UIInterfaceOrientationLandscapeRight";
				LD_RUNPATH_SEARCH_PATHS = (
					"$(inherited)",
					"@executable_path/Frameworks",
				);
				MARKETING_VERSION = 1.0;
				PRODUCT_BUNDLE_IDENTIFIER = com.qgrapps.CodingBatTests;
				PRODUCT_NAME = "$(TARGET_NAME)";
				SWIFT_EMIT_LOC_STRINGS = YES;
				SWIFT_VERSION = 5.0;
				TARGETED_DEVICE_FAMILY = "1,2";
			};
			name = Release;
		};
		07784D992A6647990062FFF9 /* Debug */ = {
			isa = XCBuildConfiguration;
			buildSettings = {
				ALWAYS_EMBED_SWIFT_STANDARD_LIBRARIES = YES;
				BUNDLE_LOADER = "$(TEST_HOST)";
				CODE_SIGN_STYLE = Automatic;
				CURRENT_PROJECT_VERSION = 1;
				DEVELOPMENT_TEAM = 428AJVGF4S;
				GENERATE_INFOPLIST_FILE = YES;
				IPHONEOS_DEPLOYMENT_TARGET = 16.1;
				MARKETING_VERSION = 1.0;
				PRODUCT_BUNDLE_IDENTIFIER = com.qgrapps.CodingBatTests;
				PRODUCT_NAME = "$(TARGET_NAME)";
				SWIFT_EMIT_LOC_STRINGS = NO;
				SWIFT_VERSION = 5.0;
				TARGETED_DEVICE_FAMILY = "1,2";
				TEST_HOST = "$(BUILT_PRODUCTS_DIR)/CodingBat.app/$(BUNDLE_EXECUTABLE_FOLDER_PATH)/CodingBat";
			};
			name = Debug;
		};
		07784D9A2A6647990062FFF9 /* Release */ = {
			isa = XCBuildConfiguration;
			buildSettings = {
				ALWAYS_EMBED_SWIFT_STANDARD_LIBRARIES = YES;
				BUNDLE_LOADER = "$(TEST_HOST)";
				CODE_SIGN_STYLE = Automatic;
				CURRENT_PROJECT_VERSION = 1;
				DEVELOPMENT_TEAM = 428AJVGF4S;
				GENERATE_INFOPLIST_FILE = YES;
				IPHONEOS_DEPLOYMENT_TARGET = 16.1;
				MARKETING_VERSION = 1.0;
				PRODUCT_BUNDLE_IDENTIFIER = com.qgrapps.CodingBatTests;
				PRODUCT_NAME = "$(TARGET_NAME)";
				SWIFT_EMIT_LOC_STRINGS = NO;
				SWIFT_VERSION = 5.0;
				TARGETED_DEVICE_FAMILY = "1,2";
				TEST_HOST = "$(BUILT_PRODUCTS_DIR)/CodingBat.app/$(BUNDLE_EXECUTABLE_FOLDER_PATH)/CodingBat";
			};
			name = Release;
		};
		07784D9C2A6647990062FFF9 /* Debug */ = {
			isa = XCBuildConfiguration;
			buildSettings = {
				ALWAYS_EMBED_SWIFT_STANDARD_LIBRARIES = YES;
				CODE_SIGN_STYLE = Automatic;
				CURRENT_PROJECT_VERSION = 1;
				DEVELOPMENT_TEAM = 428AJVGF4S;
				GENERATE_INFOPLIST_FILE = YES;
				MARKETING_VERSION = 1.0;
				PRODUCT_BUNDLE_IDENTIFIER = com.qgrapps.CodingBatUITests;
				PRODUCT_NAME = "$(TARGET_NAME)";
				SWIFT_EMIT_LOC_STRINGS = NO;
				SWIFT_VERSION = 5.0;
				TARGETED_DEVICE_FAMILY = "1,2";
				TEST_TARGET_NAME = CodingBat;
			};
			name = Debug;
		};
		07784D9D2A6647990062FFF9 /* Release */ = {
			isa = XCBuildConfiguration;
			buildSettings = {
				ALWAYS_EMBED_SWIFT_STANDARD_LIBRARIES = YES;
				CODE_SIGN_STYLE = Automatic;
				CURRENT_PROJECT_VERSION = 1;
				DEVELOPMENT_TEAM = 428AJVGF4S;
				GENERATE_INFOPLIST_FILE = YES;
				MARKETING_VERSION = 1.0;
				PRODUCT_BUNDLE_IDENTIFIER = com.qgrapps.CodingBatUITests;
				PRODUCT_NAME = "$(TARGET_NAME)";
				SWIFT_EMIT_LOC_STRINGS = NO;
				SWIFT_VERSION = 5.0;
				TARGETED_DEVICE_FAMILY = "1,2";
				TEST_TARGET_NAME = CodingBat;
			};
			name = Release;
		};
/* End XCBuildConfiguration section */

/* Begin XCConfigurationList section */
		07784D6C2A6647970062FFF9 /* Build configuration list for PBXProject "CodingBat" */ = {
			isa = XCConfigurationList;
			buildConfigurations = (
				07784D932A6647990062FFF9 /* Debug */,
				07784D942A6647990062FFF9 /* Release */,
			);
			defaultConfigurationIsVisible = 0;
			defaultConfigurationName = Release;
		};
		07784D952A6647990062FFF9 /* Build configuration list for PBXNativeTarget "CodingBat" */ = {
			isa = XCConfigurationList;
			buildConfigurations = (
				07784D962A6647990062FFF9 /* Debug */,
				07784D972A6647990062FFF9 /* Release */,
			);
			defaultConfigurationIsVisible = 0;
			defaultConfigurationName = Release;
		};
		07784D982A6647990062FFF9 /* Build configuration list for PBXNativeTarget "CodingBatTests" */ = {
			isa = XCConfigurationList;
			buildConfigurations = (
				07784D992A6647990062FFF9 /* Debug */,
				07784D9A2A6647990062FFF9 /* Release */,
			);
			defaultConfigurationIsVisible = 0;
			defaultConfigurationName = Release;
		};
		07784D9B2A6647990062FFF9 /* Build configuration list for PBXNativeTarget "CodingBatUITests" */ = {
			isa = XCConfigurationList;
			buildConfigurations = (
				07784D9C2A6647990062FFF9 /* Debug */,
				07784D9D2A6647990062FFF9 /* Release */,
			);
			defaultConfigurationIsVisible = 0;
			defaultConfigurationName = Release;
		};
/* End XCConfigurationList section */
	};
	rootObject = 07784D692A6647970062FFF9 /* Project object */;
}
